
Microsoft Visual Studio Solution File, Format Version 12.00
# Visual Studio Version 16
VisualStudioVersion = 16.0.29409.12
MinimumVisualStudioVersion = 10.0.40219.1
Project("{FAE04EC0-301F-11D3-BF4B-00C04F79EFBC}") = "MyNewBlog", "MyNewBlog\MyNewBlog.csproj", "{2E71869A-CBC7-44E0-BD1B-55C3FFB76125}"
EndProject
Project("{FAE04EC0-301F-11D3-BF4B-00C04F79EFBC}") = "UnitTestMyNewBlog", "UnitTestMyNewBlog\UnitTestMyNewBlog.csproj", "{2313F771-A3BF-42F3-ACFA-57FB5A3C03D7}"
EndProject
Project("{9A19103F-16F7-4668-BE54-9A1E7A4F7556}") = "TestXml", "..\..\visual-stdio-2019\asp_core_web_4\练习\TestXml\TestXml\TestXml.csproj", "{6924FA69-5818-4DFF-B6CA-6C5CE138EB17}"
EndProject
Global
	GlobalSection(SolutionConfigurationPlatforms) = preSolution
		Debug|Any CPU = Debug|Any CPU
		Release|Any CPU = Release|Any CPU
	EndGlobalSection
	GlobalSection(ProjectConfigurationPlatforms) = postSolution
		{2E71869A-CBC7-44E0-BD1B-55C3FFB76125}.Debug|Any CPU.ActiveCfg = Debug|Any CPU
		{2E71869A-CBC7-44E0-BD1B-55C3FFB76125}.Debug|Any CPU.Build.0 = Debug|Any CPU
		{2E71869A-CBC7-44E0-BD1B-55C3FFB76125}.Release|Any CPU.ActiveCfg = Release|Any CPU
		{2E71869A-CBC7-44E0-BD1B-55C3FFB76125}.Release|Any CPU.Build.0 = Release|Any CPU
		{2313F771-A3BF-42F3-ACFA-57FB5A3C03D7}.Debug|Any CPU.ActiveCfg = Debug|Any CPU
		{2313F771-A3BF-42F3-ACFA-57FB5A3C03D7}.Debug|Any CPU.Build.0 = Debug|Any CPU
		{2313F771-A3BF-42F3-ACFA-57FB5A3C03D7}.Release|Any CPU.ActiveCfg = Release|Any CPU
		{2313F771-A3BF-42F3-ACFA-57FB5A3C03D7}.Release|Any CPU.Build.0 = Release|Any CPU
		{6924FA69-5818-4DFF-B6CA-6C5CE138EB17}.Debug|Any CPU.ActiveCfg = Debug|Any CPU
		{6924FA69-5818-4DFF-B6CA-6C5CE138EB17}.Debug|Any CPU.Build.0 = Debug|Any CPU
		{6924FA69-5818-4DFF-B6CA-6C5CE138EB17}.Release|Any CPU.ActiveCfg = Release|Any CPU
		{6924FA69-5818-4DFF-B6CA-6C5CE138EB17}.Release|Any CPU.Build.0 = Release|Any CPU
	EndGlobalSection
	GlobalSection(SolutionProperties) = preSolution
		HideSolutionNode = FALSE
	EndGlobalSection
	GlobalSection(ExtensibilityGlobals) = postSolution
		SolutionGuid = {E8168F32-36D3-4336-98DD-FACFC19B358E}
	EndGlobalSection
EndGlobal
